
Microsoft Visual Studio Solution File, Format Version 12.00
# Visual Studio 15
VisualStudioVersion = 15.0.27004.2006
MinimumVisualStudioVersion = 10.0.40219.1
Project("{2150E333-8FDC-42A3-9474-1A3956D46DE8}") = "src", "src", "{B27CD652-3B85-466C-9141-1DFAD31CE0AC}"
EndProject
Project("{FAE04EC0-301F-11D3-BF4B-00C04F79EFBC}") = "Wrc.Web", "src\Wrc.Web\Wrc.Web.csproj", "{00805829-E607-409E-9AD3-71D83471B2C4}"
EndProject
Global
	GlobalSection(SolutionConfigurationPlatforms) = preSolution
		Debug|Any CPU = Debug|Any CPU
		Release|Any CPU = Release|Any CPU
	EndGlobalSection
	GlobalSection(ProjectConfigurationPlatforms) = postSolution
		{00805829-E607-409E-9AD3-71D83471B2C4}.Debug|Any CPU.ActiveCfg = Debug|Any CPU
		{00805829-E607-409E-9AD3-71D83471B2C4}.Debug|Any CPU.Build.0 = Debug|Any CPU
		{00805829-E607-409E-9AD3-71D83471B2C4}.Release|Any CPU.ActiveCfg = Release|Any CPU
		{00805829-E607-409E-9AD3-71D83471B2C4}.Release|Any CPU.Build.0 = Release|Any CPU
	EndGlobalSection
	GlobalSection(SolutionProperties) = preSolution
		HideSolutionNode = FALSE
	EndGlobalSection
	GlobalSection(NestedProjects) = preSolution
		{00805829-E607-409E-9AD3-71D83471B2C4} = {B27CD652-3B85-466C-9141-1DFAD31CE0AC}
	EndGlobalSection
	GlobalSection(ExtensibilityGlobals) = postSolution
		SolutionGuid = {6A57461C-BE12-447A-8C73-603C8CA05391}
	EndGlobalSection
EndGlobal
